
Microsoft Visual Studio Solution File, Format Version 12.00
# Visual Studio Version 17
VisualStudioVersion = 17.14.36429.23 d17.14
MinimumVisualStudioVersion = 10.0.40219.1
Project("{FAE04EC0-301F-11D3-BF4B-00C04F79EFBC}") = "Anamel.Api", "Anamel\Anamel.Api.csproj", "{EB597AC2-F7F6-4899-9117-D9E8EA605AF7}"
EndProject
Project("{FAE04EC0-301F-11D3-BF4B-00C04F79EFBC}") = "Anamel.Core", "Anamel.Core\Anamel.Core.csproj", "{4C4C715F-29DB-4967-8BDE-691C2361E613}"
EndProject
Project("{FAE04EC0-301F-11D3-BF4B-00C04F79EFBC}") = "Anamel.BL", "Anamel.BL\Anamel.BL.csproj", "{9257277A-9D09-4D41-9FD5-82D7177C9A90}"
EndProject
Project("{FAE04EC0-301F-11D3-BF4B-00C04F79EFBC}") = "Anamel.DL", "Anamel.DL\Anamel.DL.csproj", "{10D830E7-B60A-4FE9-9A07-66A499A508B4}"
EndProject
Global
	GlobalSection(SolutionConfigurationPlatforms) = preSolution
		Debug|Any CPU = Debug|Any CPU
		Release|Any CPU = Release|Any CPU
	EndGlobalSection
	GlobalSection(ProjectConfigurationPlatforms) = postSolution
		{EB597AC2-F7F6-4899-9117-D9E8EA605AF7}.Debug|Any CPU.ActiveCfg = Debug|Any CPU
		{EB597AC2-F7F6-4899-9117-D9E8EA605AF7}.Debug|Any CPU.Build.0 = Debug|Any CPU
		{EB597AC2-F7F6-4899-9117-D9E8EA605AF7}.Release|Any CPU.ActiveCfg = Release|Any CPU
		{EB597AC2-F7F6-4899-9117-D9E8EA605AF7}.Release|Any CPU.Build.0 = Release|Any CPU
		{4C4C715F-29DB-4967-8BDE-691C2361E613}.Debug|Any CPU.ActiveCfg = Debug|Any CPU
		{4C4C715F-29DB-4967-8BDE-691C2361E613}.Debug|Any CPU.Build.0 = Debug|Any CPU
		{4C4C715F-29DB-4967-8BDE-691C2361E613}.Release|Any CPU.ActiveCfg = Release|Any CPU
		{4C4C715F-29DB-4967-8BDE-691C2361E613}.Release|Any CPU.Build.0 = Release|Any CPU
		{9257277A-9D09-4D41-9FD5-82D7177C9A90}.Debug|Any CPU.ActiveCfg = Debug|Any CPU
		{9257277A-9D09-4D41-9FD5-82D7177C9A90}.Debug|Any CPU.Build.0 = Debug|Any CPU
		{9257277A-9D09-4D41-9FD5-82D7177C9A90}.Release|Any CPU.ActiveCfg = Release|Any CPU
		{9257277A-9D09-4D41-9FD5-82D7177C9A90}.Release|Any CPU.Build.0 = Release|Any CPU
		{10D830E7-B60A-4FE9-9A07-66A499A508B4}.Debug|Any CPU.ActiveCfg = Debug|Any CPU
		{10D830E7-B60A-4FE9-9A07-66A499A508B4}.Debug|Any CPU.Build.0 = Debug|Any CPU
		{10D830E7-B60A-4FE9-9A07-66A499A508B4}.Release|Any CPU.ActiveCfg = Release|Any CPU
		{10D830E7-B60A-4FE9-9A07-66A499A508B4}.Release|Any CPU.Build.0 = Release|Any CPU
	EndGlobalSection
	GlobalSection(SolutionProperties) = preSolution
		HideSolutionNode = FALSE
	EndGlobalSection
	GlobalSection(ExtensibilityGlobals) = postSolution
		SolutionGuid = {D81DE191-5E26-4A77-83CC-EC40A4B9F3CF}
	EndGlobalSection
EndGlobal
